{
  "requires": true,
  "lockfileVersion": 1,
  "dependencies": {
    "react-sticky-nav": {
      "version": "4.0.6",
      "resolved": "https://registry.npmjs.org/react-sticky-nav/-/react-sticky-nav-4.0.6.tgz",
      "integrity": "sha512-1HWHPUQR5/dSqPSF/4aIzirqU2tEtXtMY1DM1IL0UbqwZY2883Qon2s0/tYiAzU7gbAlI+Acbp5hRbp5KgJNkg=="
    }
  }
}
